
Microsoft Visual Studio Solution File, Format Version 12.00
# Visual Studio Version 16
VisualStudioVersion = 16.0.31410.357
MinimumVisualStudioVersion = 10.0.40219.1
Project("{FAE04EC0-301F-11D3-BF4B-00C04F79EFBC}") = "zero0", "zero0\zero0.csproj", "{AE200C79-41DF-4329-A371-A0A3CA68D69E}"
EndProject
Global
	GlobalSection(SolutionConfigurationPlatforms) = preSolution
		Debug|Any CPU = Debug|Any CPU
		Release|Any CPU = Release|Any CPU
	EndGlobalSection
	GlobalSection(ProjectConfigurationPlatforms) = postSolution
		{AE200C79-41DF-4329-A371-A0A3CA68D69E}.Debug|Any CPU.ActiveCfg = Debug|Any CPU
		{AE200C79-41DF-4329-A371-A0A3CA68D69E}.Debug|Any CPU.Build.0 = Debug|Any CPU
		{AE200C79-41DF-4329-A371-A0A3CA68D69E}.Release|Any CPU.ActiveCfg = Release|Any CPU
		{AE200C79-41DF-4329-A371-A0A3CA68D69E}.Release|Any CPU.Build.0 = Release|Any CPU
	EndGlobalSection
	GlobalSection(SolutionProperties) = preSolution
		HideSolutionNode = FALSE
	EndGlobalSection
	GlobalSection(ExtensibilityGlobals) = postSolution
		SolutionGuid = {23746887-CD17-4F02-9E32-C7763A577E83}
	EndGlobalSection
EndGlobal
